// !$*UTF8*$!
{
	archiveVersion = 1;
	classes = {
	};
	objectVersion = 48;
	objects = {

/* Begin PBXGroup section */
		52A3186D1FA4571600AD1BDF = {
			isa = PBXGroup;
			children = (
			);
			sourceTree = "<group>";
		};
/* End PBXGroup section */

/* Begin PBXProject section */
		52A3186E1FA4571600AD1BDF /* Project object */ = {
			isa = PBXProject;
			attributes = {
				LastUpgradeCheck = 0900;
			};
			buildConfigurationList = 52A318711FA4571600AD1BDF /* Build configuration list for PBXProject "CommonCrypto" */;
			compatibilityVersion = "Xcode 8.0";
			developmentRegion = en;
			hasScannedForEncodings = 0;
			knownRegions = (
				en,
			);
			mainGroup = 52A3186D1FA4571600AD1BDF;
			projectDirPath = "";
			projectRoot = "";
			targets = (
			);
		};
/* End PBXProject section */

/* Begin XCBuildConfiguration section */
		52A318721FA4571600AD1BDF /* Debug */ = {
			isa = XCBuildConfiguration;
			buildSettings = {
			};
			name = Debug;
		};
		52A318731FA4571600AD1BDF /* Release */ = {
			isa = XCBuildConfiguration;
			buildSettings = {
			};
			name = Release;
		};
/* End XCBuildConfiguration section */

/* Begin XCConfigurationList section */
		52A318711FA4571600AD1BDF /* Build configuration list for PBXProject "CommonCrypto" */ = {
			isa = XCConfigurationList;
			buildConfigurations = (
				52A318721FA4571600AD1BDF /* Debug */,
				52A318731FA4571600AD1BDF /* Release */,
			);
			defaultConfigurationIsVisible = 0;
			defaultConfigurationName = Release;
		};
/* End XCConfigurationList section */
	};
	rootObject = 52A3186E1FA4571600AD1BDF /* Project object */;
}
